
Microsoft Visual Studio Solution File, Format Version 12.00
# Visual Studio 15
VisualStudioVersion = 15.0.26124.0
MinimumVisualStudioVersion = 15.0.26124.0
Project("{2150E333-8FDC-42A3-9474-1A3956D46DE8}") = "src", "src", "{8954A4E0-FEC9-4E98-8644-80061084EA60}"
EndProject
Project("{F2A71F9B-5D33-465A-A702-920D77279786}") = "Compiler", "src\Compiler\Compiler.fsproj", "{F52F42B0-5C63-478F-86AF-154824A001FC}"
EndProject
Project("{F2A71F9B-5D33-465A-A702-920D77279786}") = "Parser", "src\Parser\Parser.fsproj", "{1C492A17-4A79-4607-8C97-548F8C60495E}"
EndProject
Project("{2150E333-8FDC-42A3-9474-1A3956D46DE8}") = "tests", "tests", "{D5004418-7B20-47CD-BC21-AC4FCE3F94FE}"
EndProject
Project("{F2A71F9B-5D33-465A-A702-920D77279786}") = "ParserTests", "tests\ParserTests\ParserTests.fsproj", "{9A33A93C-A460-4ADF-93FD-9C6BC785158B}"
EndProject
Project("{F2A71F9B-5D33-465A-A702-920D77279786}") = "LexerTests", "tests\LexerTests\LexerTests.fsproj", "{00BDC6E5-F0FA-413B-A3EC-03E9F801972F}"
EndProject
Project("{F2A71F9B-5D33-465A-A702-920D77279786}") = "Repl", "src\Repl\Repl.fsproj", "{89CF0272-2208-4151-A35F-830A4D580E36}"
EndProject
Project("{F2A71F9B-5D33-465A-A702-920D77279786}") = "Interpreter", "src\Interpreter\Interpreter.fsproj", "{765A0FAB-5617-4AFD-BB80-8E4D2F8A2938}"
EndProject
Global
	GlobalSection(SolutionConfigurationPlatforms) = preSolution
		Debug|Any CPU = Debug|Any CPU
		Debug|x64 = Debug|x64
		Debug|x86 = Debug|x86
		Release|Any CPU = Release|Any CPU
		Release|x64 = Release|x64
		Release|x86 = Release|x86
	EndGlobalSection
	GlobalSection(SolutionProperties) = preSolution
		HideSolutionNode = FALSE
	EndGlobalSection
	GlobalSection(ProjectConfigurationPlatforms) = postSolution
		{F52F42B0-5C63-478F-86AF-154824A001FC}.Debug|Any CPU.ActiveCfg = Debug|Any CPU
		{F52F42B0-5C63-478F-86AF-154824A001FC}.Debug|Any CPU.Build.0 = Debug|Any CPU
		{F52F42B0-5C63-478F-86AF-154824A001FC}.Debug|x64.ActiveCfg = Debug|Any CPU
		{F52F42B0-5C63-478F-86AF-154824A001FC}.Debug|x64.Build.0 = Debug|Any CPU
		{F52F42B0-5C63-478F-86AF-154824A001FC}.Debug|x86.ActiveCfg = Debug|Any CPU
		{F52F42B0-5C63-478F-86AF-154824A001FC}.Debug|x86.Build.0 = Debug|Any CPU
		{F52F42B0-5C63-478F-86AF-154824A001FC}.Release|Any CPU.ActiveCfg = Release|Any CPU
		{F52F42B0-5C63-478F-86AF-154824A001FC}.Release|Any CPU.Build.0 = Release|Any CPU
		{F52F42B0-5C63-478F-86AF-154824A001FC}.Release|x64.ActiveCfg = Release|Any CPU
		{F52F42B0-5C63-478F-86AF-154824A001FC}.Release|x64.Build.0 = Release|Any CPU
		{F52F42B0-5C63-478F-86AF-154824A001FC}.Release|x86.ActiveCfg = Release|Any CPU
		{F52F42B0-5C63-478F-86AF-154824A001FC}.Release|x86.Build.0 = Release|Any CPU
		{1C492A17-4A79-4607-8C97-548F8C60495E}.Debug|Any CPU.ActiveCfg = Debug|Any CPU
		{1C492A17-4A79-4607-8C97-548F8C60495E}.Debug|Any CPU.Build.0 = Debug|Any CPU
		{1C492A17-4A79-4607-8C97-548F8C60495E}.Debug|x64.ActiveCfg = Debug|Any CPU
		{1C492A17-4A79-4607-8C97-548F8C60495E}.Debug|x64.Build.0 = Debug|Any CPU
		{1C492A17-4A79-4607-8C97-548F8C60495E}.Debug|x86.ActiveCfg = Debug|Any CPU
		{1C492A17-4A79-4607-8C97-548F8C60495E}.Debug|x86.Build.0 = Debug|Any CPU
		{1C492A17-4A79-4607-8C97-548F8C60495E}.Release|Any CPU.ActiveCfg = Release|Any CPU
		{1C492A17-4A79-4607-8C97-548F8C60495E}.Release|Any CPU.Build.0 = Release|Any CPU
		{1C492A17-4A79-4607-8C97-548F8C60495E}.Release|x64.ActiveCfg = Release|Any CPU
		{1C492A17-4A79-4607-8C97-548F8C60495E}.Release|x64.Build.0 = Release|Any CPU
		{1C492A17-4A79-4607-8C97-548F8C60495E}.Release|x86.ActiveCfg = Release|Any CPU
		{1C492A17-4A79-4607-8C97-548F8C60495E}.Release|x86.Build.0 = Release|Any CPU
		{9A33A93C-A460-4ADF-93FD-9C6BC785158B}.Debug|Any CPU.ActiveCfg = Debug|Any CPU
		{9A33A93C-A460-4ADF-93FD-9C6BC785158B}.Debug|Any CPU.Build.0 = Debug|Any CPU
		{9A33A93C-A460-4ADF-93FD-9C6BC785158B}.Debug|x64.ActiveCfg = Debug|Any CPU
		{9A33A93C-A460-4ADF-93FD-9C6BC785158B}.Debug|x64.Build.0 = Debug|Any CPU
		{9A33A93C-A460-4ADF-93FD-9C6BC785158B}.Debug|x86.ActiveCfg = Debug|Any CPU
		{9A33A93C-A460-4ADF-93FD-9C6BC785158B}.Debug|x86.Build.0 = Debug|Any CPU
		{9A33A93C-A460-4ADF-93FD-9C6BC785158B}.Release|Any CPU.ActiveCfg = Release|Any CPU
		{9A33A93C-A460-4ADF-93FD-9C6BC785158B}.Release|Any CPU.Build.0 = Release|Any CPU
		{9A33A93C-A460-4ADF-93FD-9C6BC785158B}.Release|x64.ActiveCfg = Release|Any CPU
		{9A33A93C-A460-4ADF-93FD-9C6BC785158B}.Release|x64.Build.0 = Release|Any CPU
		{9A33A93C-A460-4ADF-93FD-9C6BC785158B}.Release|x86.ActiveCfg = Release|Any CPU
		{9A33A93C-A460-4ADF-93FD-9C6BC785158B}.Release|x86.Build.0 = Release|Any CPU
		{00BDC6E5-F0FA-413B-A3EC-03E9F801972F}.Debug|Any CPU.ActiveCfg = Debug|Any CPU
		{00BDC6E5-F0FA-413B-A3EC-03E9F801972F}.Debug|Any CPU.Build.0 = Debug|Any CPU
		{00BDC6E5-F0FA-413B-A3EC-03E9F801972F}.Debug|x64.ActiveCfg = Debug|Any CPU
		{00BDC6E5-F0FA-413B-A3EC-03E9F801972F}.Debug|x64.Build.0 = Debug|Any CPU
		{00BDC6E5-F0FA-413B-A3EC-03E9F801972F}.Debug|x86.ActiveCfg = Debug|Any CPU
		{00BDC6E5-F0FA-413B-A3EC-03E9F801972F}.Debug|x86.Build.0 = Debug|Any CPU
		{00BDC6E5-F0FA-413B-A3EC-03E9F801972F}.Release|Any CPU.ActiveCfg = Release|Any CPU
		{00BDC6E5-F0FA-413B-A3EC-03E9F801972F}.Release|Any CPU.Build.0 = Release|Any CPU
		{00BDC6E5-F0FA-413B-A3EC-03E9F801972F}.Release|x64.ActiveCfg = Release|Any CPU
		{00BDC6E5-F0FA-413B-A3EC-03E9F801972F}.Release|x64.Build.0 = Release|Any CPU
		{00BDC6E5-F0FA-413B-A3EC-03E9F801972F}.Release|x86.ActiveCfg = Release|Any CPU
		{00BDC6E5-F0FA-413B-A3EC-03E9F801972F}.Release|x86.Build.0 = Release|Any CPU
		{89CF0272-2208-4151-A35F-830A4D580E36}.Debug|Any CPU.ActiveCfg = Debug|Any CPU
		{89CF0272-2208-4151-A35F-830A4D580E36}.Debug|Any CPU.Build.0 = Debug|Any CPU
		{89CF0272-2208-4151-A35F-830A4D580E36}.Debug|x64.ActiveCfg = Debug|Any CPU
		{89CF0272-2208-4151-A35F-830A4D580E36}.Debug|x64.Build.0 = Debug|Any CPU
		{89CF0272-2208-4151-A35F-830A4D580E36}.Debug|x86.ActiveCfg = Debug|Any CPU
		{89CF0272-2208-4151-A35F-830A4D580E36}.Debug|x86.Build.0 = Debug|Any CPU
		{89CF0272-2208-4151-A35F-830A4D580E36}.Release|Any CPU.ActiveCfg = Release|Any CPU
		{89CF0272-2208-4151-A35F-830A4D580E36}.Release|Any CPU.Build.0 = Release|Any CPU
		{89CF0272-2208-4151-A35F-830A4D580E36}.Release|x64.ActiveCfg = Release|Any CPU
		{89CF0272-2208-4151-A35F-830A4D580E36}.Release|x64.Build.0 = Release|Any CPU
		{89CF0272-2208-4151-A35F-830A4D580E36}.Release|x86.ActiveCfg = Release|Any CPU
		{89CF0272-2208-4151-A35F-830A4D580E36}.Release|x86.Build.0 = Release|Any CPU
		{765A0FAB-5617-4AFD-BB80-8E4D2F8A2938}.Debug|Any CPU.ActiveCfg = Debug|Any CPU
		{765A0FAB-5617-4AFD-BB80-8E4D2F8A2938}.Debug|Any CPU.Build.0 = Debug|Any CPU
		{765A0FAB-5617-4AFD-BB80-8E4D2F8A2938}.Debug|x64.ActiveCfg = Debug|Any CPU
		{765A0FAB-5617-4AFD-BB80-8E4D2F8A2938}.Debug|x64.Build.0 = Debug|Any CPU
		{765A0FAB-5617-4AFD-BB80-8E4D2F8A2938}.Debug|x86.ActiveCfg = Debug|Any CPU
		{765A0FAB-5617-4AFD-BB80-8E4D2F8A2938}.Debug|x86.Build.0 = Debug|Any CPU
		{765A0FAB-5617-4AFD-BB80-8E4D2F8A2938}.Release|Any CPU.ActiveCfg = Release|Any CPU
		{765A0FAB-5617-4AFD-BB80-8E4D2F8A2938}.Release|Any CPU.Build.0 = Release|Any CPU
		{765A0FAB-5617-4AFD-BB80-8E4D2F8A2938}.Release|x64.ActiveCfg = Release|Any CPU
		{765A0FAB-5617-4AFD-BB80-8E4D2F8A2938}.Release|x64.Build.0 = Release|Any CPU
		{765A0FAB-5617-4AFD-BB80-8E4D2F8A2938}.Release|x86.ActiveCfg = Release|Any CPU
		{765A0FAB-5617-4AFD-BB80-8E4D2F8A2938}.Release|x86.Build.0 = Release|Any CPU
	EndGlobalSection
	GlobalSection(NestedProjects) = preSolution
		{F52F42B0-5C63-478F-86AF-154824A001FC} = {8954A4E0-FEC9-4E98-8644-80061084EA60}
		{1C492A17-4A79-4607-8C97-548F8C60495E} = {8954A4E0-FEC9-4E98-8644-80061084EA60}
		{9A33A93C-A460-4ADF-93FD-9C6BC785158B} = {D5004418-7B20-47CD-BC21-AC4FCE3F94FE}
		{00BDC6E5-F0FA-413B-A3EC-03E9F801972F} = {D5004418-7B20-47CD-BC21-AC4FCE3F94FE}
		{89CF0272-2208-4151-A35F-830A4D580E36} = {8954A4E0-FEC9-4E98-8644-80061084EA60}
		{765A0FAB-5617-4AFD-BB80-8E4D2F8A2938} = {8954A4E0-FEC9-4E98-8644-80061084EA60}
	EndGlobalSection
EndGlobal
